<?xml version="1.0" encoding="utf-8"?>
<Project ToolsVersion="4.0" xmlns="http://schemas.microsoft.com/developer/msbuild/2003">
  <ItemGroup>
    <Filter Include="Source Files">
      <UniqueIdentifier>{4FC737F1-C7A5-4376-A066-2A32D752A2FF}</UniqueIdentifier>
      <Extensions>cpp;c;cc;cxx;c++;cppm;ixx;def;odl;idl;hpj;bat;asm;asmx</Extensions>
    </Filter>
    <Filter Include="Resource Files">
      <UniqueIdentifier>{67DA6AB6-F800-4c08-8B7A-83BB121AAD01}</UniqueIdentifier>
      <Extensions>rc;ico;cur;bmp;dlg;rc2;rct;bin;rgs;gif;jpg;jpeg;jpe;resx;tiff;tif;png;wav;mfcribbon-ms</Extensions>
    </Filter>
    <Filter Include="Events">
      <UniqueIdentifier>{b8c5fccc-ef90-4888-8110-b35c826425a2}</UniqueIdentifier>
    </Filter>
    <Filter Include="Source Files\Window">
      <UniqueIdentifier>{d1da5467-d6fa-41d1-b9ca-d3c157a4d74e}</UniqueIdentifier>
    </Filter>
    <Filter Include="Source Files\Shader">
      <UniqueIdentifier>{aab81adb-7395-417a-ac5b-5024b24da4ad}</UniqueIdentifier>
    </Filter>
    <Filter Include="Source Files\Input">
      <UniqueIdentifier>{aacb0904-431d-48d2-abf6-af275b79842d}</UniqueIdentifier>
    </Filter>
    <Filter Include="Source Files\Camera">
      <UniqueIdentifier>{6c38ae27-478b-45d7-982c-4807b551f359}</UniqueIdentifier>
    </Filter>
    <Filter Include="Source Files\Scene Manager">
      <UniqueIdentifier>{c617d3cc-81d6-4352-8084-ca20d112492c}</UniqueIdentifier>
    </Filter>
    <Filter Include="ImGui">
      <UniqueIdentifier>{6e323d16-50ec-4119-a8ba-2cb4d4115b37}</UniqueIdentifier>
    </Filter>
  </ItemGroup>
  <ItemGroup>
    <ClCompile Include="..\lib\imgui-1.87\imgui-1.87\imgui_tables.cpp">
      <Filter>ImGui</Filter>
    </ClCompile>
    <ClCompile Include="..\lib\imgui-1.87\imgui-1.87\imgui_widgets.cpp">
      <Filter>ImGui</Filter>
    </ClCompile>
    <ClCompile Include="..\lib\imgui-1.87\imgui-1.87\imgui.cpp">
      <Filter>ImGui</Filter>
    </ClCompile>
    <ClCompile Include="..\lib\imgui-1.87\imgui-1.87\imgui_demo.cpp">
      <Filter>ImGui</Filter>
    </ClCompile>
    <ClCompile Include="..\lib\imgui-1.87\imgui-1.87\imgui_draw.cpp">
      <Filter>ImGui</Filter>
    </ClCompile>
    <ClCompile Include="..\lib\imgui-1.87\imgui-1.87\backends\imgui_impl_opengl3.cpp">
      <Filter>ImGui</Filter>
    </ClCompile>
    <ClCompile Include="..\lib\imgui-1.87\imgui-1.87\backends\imgui_impl_glfw.cpp">
      <Filter>ImGui</Filter>
    </ClCompile>
    <ClCompile Include="src\glhelper.cpp">
      <Filter>Source Files\Window</Filter>
    </ClCompile>
    <ClCompile Include="Input.cpp">
      <Filter>Source Files\Input</Filter>
    </ClCompile>
    <ClCompile Include="PerlinNoise.cpp">
      <Filter>Source Files</Filter>
    </ClCompile>
    <ClCompile Include="main.cpp">
      <Filter>Source Files</Filter>
    </ClCompile>
    <ClCompile Include="glslshader.cpp">
      <Filter>Source Files\Shader</Filter>
    </ClCompile>
  </ItemGroup>
  <ItemGroup>
    <ClInclude Include="include\glapp.h">
      <Filter>Source Files\Scene Manager</Filter>
    </ClInclude>
    <ClInclude Include="Camera.h">
      <Filter>Source Files\Camera</Filter>
    </ClInclude>
    <ClInclude Include="PerlinNoise.hpp">
      <Filter>Source Files</Filter>
    </ClInclude>
    <ClInclude Include="..\lib\imgui-1.87\imgui-1.87\imgui.h">
      <Filter>ImGui</Filter>
    </ClInclude>
    <ClInclude Include="..\lib\imgui-1.87\imgui-1.87\backends\imgui_impl_glfw.h">
      <Filter>ImGui</Filter>
    </ClInclude>
    <ClInclude Include="..\lib\imgui-1.87\imgui-1.87\backends\imgui_impl_opengl3.h">
      <Filter>ImGui</Filter>
    </ClInclude>
    <ClInclude Include="..\lib\imgui-1.87\imgui-1.87\imgui_internal.h">
      <Filter>ImGui</Filter>
    </ClInclude>
    <ClInclude Include="..\lib\imgui-1.87\imgui-1.87\imstb_rectpack.h">
      <Filter>ImGui</Filter>
    </ClInclude>
    <ClInclude Include="..\lib\imgui-1.87\imgui-1.87\imstb_textedit.h">
      <Filter>ImGui</Filter>
    </ClInclude>
    <ClInclude Include="..\lib\imgui-1.87\imgui-1.87\imstb_truetype.h">
      <Filter>ImGui</Filter>
    </ClInclude>
    <ClInclude Include="Input.h">
      <Filter>Source Files\Input</Filter>
    </ClInclude>
    <ClInclude Include="KeyCodes.h">
      <Filter>Source Files\Input</Filter>
    </ClInclude>
    <ClInclude Include="include\glhelper.h">
      <Filter>Source Files\Window</Filter>
    </ClInclude>
    <ClInclude Include="glslshader.h">
      <Filter>Source Files\Shader</Filter>
    </ClInclude>
  </ItemGroup>
</Project>